
Microsoft Visual Studio Solution File, Format Version 12.00
# Visual Studio Version 16
VisualStudioVersion = 16.0.30611.23
MinimumVisualStudioVersion = 10.0.40219.1
Project("{FAE04EC0-301F-11D3-BF4B-00C04F79EFBC}") = "cefsharptest", "cefsharptest\cefsharptest.csproj", "{60613E4B-7372-4069-8E4C-B60B0B9FDBDA}"
EndProject
Project("{FAE04EC0-301F-11D3-BF4B-00C04F79EFBC}") = "WindowsFormsApp1", "WindowsFormsApp1\WindowsFormsApp1.csproj", "{D5082A12-D19C-435A-B156-82F56069EFDC}"
EndProject
Global
	GlobalSection(SolutionConfigurationPlatforms) = preSolution
		Debug|Any CPU = Debug|Any CPU
		Debug|x86 = Debug|x86
		Release|Any CPU = Release|Any CPU
		Release|x86 = Release|x86
	EndGlobalSection
	GlobalSection(ProjectConfigurationPlatforms) = postSolution
		{60613E4B-7372-4069-8E4C-B60B0B9FDBDA}.Debug|Any CPU.ActiveCfg = Debug|Any CPU
		{60613E4B-7372-4069-8E4C-B60B0B9FDBDA}.Debug|Any CPU.Build.0 = Debug|Any CPU
		{60613E4B-7372-4069-8E4C-B60B0B9FDBDA}.Debug|x86.ActiveCfg = Debug|x86
		{60613E4B-7372-4069-8E4C-B60B0B9FDBDA}.Debug|x86.Build.0 = Debug|x86
		{60613E4B-7372-4069-8E4C-B60B0B9FDBDA}.Release|Any CPU.ActiveCfg = Release|Any CPU
		{60613E4B-7372-4069-8E4C-B60B0B9FDBDA}.Release|Any CPU.Build.0 = Release|Any CPU
		{60613E4B-7372-4069-8E4C-B60B0B9FDBDA}.Release|x86.ActiveCfg = Release|x86
		{60613E4B-7372-4069-8E4C-B60B0B9FDBDA}.Release|x86.Build.0 = Release|x86
		{D5082A12-D19C-435A-B156-82F56069EFDC}.Debug|Any CPU.ActiveCfg = Debug|Any CPU
		{D5082A12-D19C-435A-B156-82F56069EFDC}.Debug|Any CPU.Build.0 = Debug|Any CPU
		{D5082A12-D19C-435A-B156-82F56069EFDC}.Debug|x86.ActiveCfg = Debug|Any CPU
		{D5082A12-D19C-435A-B156-82F56069EFDC}.Debug|x86.Build.0 = Debug|Any CPU
		{D5082A12-D19C-435A-B156-82F56069EFDC}.Release|Any CPU.ActiveCfg = Release|Any CPU
		{D5082A12-D19C-435A-B156-82F56069EFDC}.Release|Any CPU.Build.0 = Release|Any CPU
		{D5082A12-D19C-435A-B156-82F56069EFDC}.Release|x86.ActiveCfg = Release|Any CPU
		{D5082A12-D19C-435A-B156-82F56069EFDC}.Release|x86.Build.0 = Release|Any CPU
	EndGlobalSection
	GlobalSection(SolutionProperties) = preSolution
		HideSolutionNode = FALSE
	EndGlobalSection
	GlobalSection(ExtensibilityGlobals) = postSolution
		SolutionGuid = {F02DE703-2EAC-42BF-B7D2-ACD862302604}
	EndGlobalSection
EndGlobal
